{
  "originHash" : "e9adef688a97e58c644083d557a0224124bc6d3b0d3b4e2f9e5832531598ade9",
  "pins" : [
    {
      "identity" : "swift-async-algorithms",
      "kind" : "remoteSourceControl",
      "location" : "https://github.com/apple/swift-async-algorithms.git",
      "state" : {
        "revision" : "2971dd5d9f6e0515664b01044826bcea16e59fac",
        "version" : "1.1.2"
      }
    },
    {
      "identity" : "swift-atomics",
      "kind" : "remoteSourceControl",
      "location" : "https://github.com/apple/swift-atomics.git",
      "state" : {
        "revision" : "b601256eab081c0f92f059e12818ac1d4f178ff7",
        "version" : "1.3.0"
      }
    },
    {
      "identity" : "swift-aws-lambda-events",
      "kind" : "remoteSourceControl",
      "location" : "https://github.com/awslabs/swift-aws-lambda-events.git",
      "state" : {
        "revision" : "d18360e63624019bddf418de28d83007acd60956",
        "version" : "1.5.0"
      }
    },
    {
      "identity" : "swift-aws-lambda-runtime",
      "kind" : "remoteSourceControl",
      "location" : "https://github.com/awslabs/swift-aws-lambda-runtime.git",
      "state" : {
        "revision" : "553b5e3716ef8e922e57b6f271248a808d23d0fb",
        "version" : "2.8.0"
      }
    },
    {
      "identity" : "swift-collections",
      "kind" : "remoteSourceControl",
      "location" : "https://github.com/apple/swift-collections.git",
      "state" : {
        "revision" : "7b847a3b7008b2dc2f47ca3110d8c782fb2e5c7e",
        "version" : "1.3.0"
      }
    },
    {
      "identity" : "swift-http-types",
      "kind" : "remoteSourceControl",
      "location" : "https://github.com/apple/swift-http-types.git",
      "state" : {
        "revision" : "45eb0224913ea070ec4fba17291b9e7ecf4749ca",
        "version" : "1.5.1"
      }
    },
    {
      "identity" : "swift-log",
      "kind" : "remoteSourceControl",
      "location" : "https://github.com/apple/swift-log.git",
      "state" : {
        "revision" : "bbd81b6725ae874c69e9b8c8804d462356b55523",
        "version" : "1.10.1"
      }
    },
    {
      "identity" : "swift-nio",
      "kind" : "remoteSourceControl",
      "location" : "https://github.com/apple/swift-nio.git",
      "state" : {
        "revision" : "e932d3c4d8f77433c8f7093b5ebcbf91463948a0",
        "version" : "2.95.0"
      }
    },
    {
      "identity" : "swift-service-lifecycle",
      "kind" : "remoteSourceControl",
      "location" : "https://github.com/swift-server/swift-service-lifecycle.git",
      "state" : {
        "revision" : "89888196dd79c61c50bca9a103d8114f32e1e598",
        "version" : "2.10.1"
      }
    },
    {
      "identity" : "swift-system",
      "kind" : "remoteSourceControl",
      "location" : "https://github.com/apple/swift-system.git",
      "state" : {
        "revision" : "7c6ad0fc39d0763e0b699210e4124afd5041c5df",
        "version" : "1.6.4"
      }
    }
  ],
  "version" : 3
}
